// !$*UTF8*$!
{
	archiveVersion = 1;
	classes = {
	};
	objectVersion = 56;
	objects = {

/* Begin PBXBuildFile section */
		BA4514C82C8970CF0074B66A /* iNavigationApp.swift in Sources */ = {isa = PBXBuildFile; fileRef = BA4514C72C8970CF0074B66A /* iNavigationApp.swift */; };
		BA4514CA2C8970CF0074B66A /* ContentView.swift in Sources */ = {isa = PBXBuildFile; fileRef = BA4514C92C8970CF0074B66A /* ContentView.swift */; };
		BA4514CC2C8970D00074B66A /* Assets.xcassets in Resources */ = {isa = PBXBuildFile; fileRef = BA4514CB2C8970D00074B66A /* Assets.xcassets */; };
		BA4514CF2C8970D00074B66A /* Preview Assets.xcassets in Resources */ = {isa = PBXBuildFile; fileRef = BA4514CE2C8970D00074B66A /* Preview Assets.xcassets */; };
		BA4514D82C89855A0074B66A /* NonBottomButtons.swift in Sources */ = {isa = PBXBuildFile; fileRef = BA4514D72C89855A0074B66A /* NonBottomButtons.swift */; };
		BA4514DA2C899B3D0074B66A /* CustomTabBar.swift in Sources */ = {isa = PBXBuildFile; fileRef = BA4514D92C899B3D0074B66A /* CustomTabBar.swift */; };
		BA4514DC2C899F570074B66A /* CustomTopBar.swift in Sources */ = {isa = PBXBuildFile; fileRef = BA4514DB2C899F570074B66A /* CustomTopBar.swift */; };
		BA4514DE2C89A2A90074B66A /* TitleView.swift in Sources */ = {isa = PBXBuildFile; fileRef = BA4514DD2C89A2A90074B66A /* TitleView.swift */; };
		BA4514E02C89A5380074B66A /* SectionScreen.swift in Sources */ = {isa = PBXBuildFile; fileRef = BA4514DF2C89A5380074B66A /* SectionScreen.swift */; };
/* End PBXBuildFile section */

/* Begin PBXFileReference section */
		BA4514C42C8970CF0074B66A /* iNavigation.app */ = {isa = PBXFileReference; explicitFileType = wrapper.application; includeInIndex = 0; path = iNavigation.app; sourceTree = BUILT_PRODUCTS_DIR; };
		BA4514C72C8970CF0074B66A /* iNavigationApp.swift */ = {isa = PBXFileReference; lastKnownFileType = sourcecode.swift; path = iNavigationApp.swift; sourceTree = "<group>"; };
		BA4514C92C8970CF0074B66A /* ContentView.swift */ = {isa = PBXFileReference; lastKnownFileType = sourcecode.swift; path = ContentView.swift; sourceTree = "<group>"; };
		BA4514CB2C8970D00074B66A /* Assets.xcassets */ = {isa = PBXFileReference; lastKnownFileType = folder.assetcatalog; path = Assets.xcassets; sourceTree = "<group>"; };
		BA4514CE2C8970D00074B66A /* Preview Assets.xcassets */ = {isa = PBXFileReference; lastKnownFileType = folder.assetcatalog; path = "Preview Assets.xcassets"; sourceTree = "<group>"; };
		BA4514D72C89855A0074B66A /* NonBottomButtons.swift */ = {isa = PBXFileReference; lastKnownFileType = sourcecode.swift; path = NonBottomButtons.swift; sourceTree = "<group>"; };
		BA4514D92C899B3D0074B66A /* CustomTabBar.swift */ = {isa = PBXFileReference; lastKnownFileType = sourcecode.swift; path = CustomTabBar.swift; sourceTree = "<group>"; };
		BA4514DB2C899F570074B66A /* CustomTopBar.swift */ = {isa = PBXFileReference; lastKnownFileType = sourcecode.swift; path = CustomTopBar.swift; sourceTree = "<group>"; };
		BA4514DD2C89A2A90074B66A /* TitleView.swift */ = {isa = PBXFileReference; lastKnownFileType = sourcecode.swift; path = TitleView.swift; sourceTree = "<group>"; };
		BA4514DF2C89A5380074B66A /* SectionScreen.swift */ = {isa = PBXFileReference; lastKnownFileType = sourcecode.swift; path = SectionScreen.swift; sourceTree = "<group>"; };
/* End PBXFileReference section */

/* Begin PBXFrameworksBuildPhase section */
		BA4514C12C8970CF0074B66A /* Frameworks */ = {
			isa = PBXFrameworksBuildPhase;
			buildActionMask = 2147483647;
			files = (
			);
			runOnlyForDeploymentPostprocessing = 0;
		};
/* End PBXFrameworksBuildPhase section */

/* Begin PBXGroup section */
		BA4514BB2C8970CF0074B66A = {
			isa = PBXGroup;
			children = (
				BA4514C62C8970CF0074B66A /* iNavigation */,
				BA4514C52C8970CF0074B66A /* Products */,
			);
			sourceTree = "<group>";
		};
		BA4514C52C8970CF0074B66A /* Products */ = {
			isa = PBXGroup;
			children = (
				BA4514C42C8970CF0074B66A /* iNavigation.app */,
			);
			name = Products;
			sourceTree = "<group>";
		};
		BA4514C62C8970CF0074B66A /* iNavigation */ = {
			isa = PBXGroup;
			children = (
				BA4514C72C8970CF0074B66A /* iNavigationApp.swift */,
				BA4514C92C8970CF0074B66A /* ContentView.swift */,
				BA4514D52C8974BA0074B66A /* Src */,
				BA4514CB2C8970D00074B66A /* Assets.xcassets */,
				BA4514CD2C8970D00074B66A /* Preview Content */,
			);
			path = iNavigation;
			sourceTree = "<group>";
		};
		BA4514CD2C8970D00074B66A /* Preview Content */ = {
			isa = PBXGroup;
			children = (
				BA4514CE2C8970D00074B66A /* Preview Assets.xcassets */,
			);
			path = "Preview Content";
			sourceTree = "<group>";
		};
		BA4514D52C8974BA0074B66A /* Src */ = {
			isa = PBXGroup;
			children = (
				BA4514D62C8974D40074B66A /* Feature */,
			);
			path = Src;
			sourceTree = "<group>";
		};
		BA4514D62C8974D40074B66A /* Feature */ = {
			isa = PBXGroup;
			children = (
				BA4514D72C89855A0074B66A /* NonBottomButtons.swift */,
				BA4514D92C899B3D0074B66A /* CustomTabBar.swift */,
				BA4514DB2C899F570074B66A /* CustomTopBar.swift */,
				BA4514DD2C89A2A90074B66A /* TitleView.swift */,
				BA4514DF2C89A5380074B66A /* SectionScreen.swift */,
			);
			path = Feature;
			sourceTree = "<group>";
		};
/* End PBXGroup section */

/* Begin PBXNativeTarget section */
		BA4514C32C8970CF0074B66A /* iNavigation */ = {
			isa = PBXNativeTarget;
			buildConfigurationList = BA4514D22C8970D00074B66A /* Build configuration list for PBXNativeTarget "iNavigation" */;
			buildPhases = (
				BA4514C02C8970CF0074B66A /* Sources */,
				BA4514C12C8970CF0074B66A /* Frameworks */,
				BA4514C22C8970CF0074B66A /* Resources */,
			);
			buildRules = (
			);
			dependencies = (
			);
			name = iNavigation;
			productName = iNavigation;
			productReference = BA4514C42C8970CF0074B66A /* iNavigation.app */;
			productType = "com.apple.product-type.application";
		};
/* End PBXNativeTarget section */

/* Begin PBXProject section */
		BA4514BC2C8970CF0074B66A /* Project object */ = {
			isa = PBXProject;
			attributes = {
				BuildIndependentTargetsInParallel = 1;
				LastSwiftUpdateCheck = 1540;
				LastUpgradeCheck = 1540;
				TargetAttributes = {
					BA4514C32C8970CF0074B66A = {
						CreatedOnToolsVersion = 15.4;
					};
				};
			};
			buildConfigurationList = BA4514BF2C8970CF0074B66A /* Build configuration list for PBXProject "iNavigation" */;
			compatibilityVersion = "Xcode 14.0";
			developmentRegion = en;
			hasScannedForEncodings = 0;
			knownRegions = (
				en,
				Base,
			);
			mainGroup = BA4514BB2C8970CF0074B66A;
			productRefGroup = BA4514C52C8970CF0074B66A /* Products */;
			projectDirPath = "";
			projectRoot = "";
			targets = (
				BA4514C32C8970CF0074B66A /* iNavigation */,
			);
		};
/* End PBXProject section */

/* Begin PBXResourcesBuildPhase section */
		BA4514C22C8970CF0074B66A /* Resources */ = {
			isa = PBXResourcesBuildPhase;
			buildActionMask = 2147483647;
			files = (
				BA4514CF2C8970D00074B66A /* Preview Assets.xcassets in Resources */,
				BA4514CC2C8970D00074B66A /* Assets.xcassets in Resources */,
			);
			runOnlyForDeploymentPostprocessing = 0;
		};
/* End PBXResourcesBuildPhase section */

/* Begin PBXSourcesBuildPhase section */
		BA4514C02C8970CF0074B66A /* Sources */ = {
			isa = PBXSourcesBuildPhase;
			buildActionMask = 2147483647;
			files = (
				BA4514CA2C8970CF0074B66A /* ContentView.swift in Sources */,
				BA4514DC2C899F570074B66A /* CustomTopBar.swift in Sources */,
				BA4514C82C8970CF0074B66A /* iNavigationApp.swift in Sources */,
				BA4514DA2C899B3D0074B66A /* CustomTabBar.swift in Sources */,
				BA4514E02C89A5380074B66A /* SectionScreen.swift in Sources */,
				BA4514D82C89855A0074B66A /* NonBottomButtons.swift in Sources */,
				BA4514DE2C89A2A90074B66A /* TitleView.swift in Sources */,
			);
			runOnlyForDeploymentPostprocessing = 0;
		};
/* End PBXSourcesBuildPhase section */

/* Begin XCBuildConfiguration section */
		BA4514D02C8970D00074B66A /* Debug */ = {
			isa = XCBuildConfiguration;
			buildSettings = {
				ALWAYS_SEARCH_USER_PATHS = NO;
				ASSETCATALOG_COMPILER_GENERATE_SWIFT_ASSET_SYMBOL_EXTENSIONS = YES;
				CLANG_ANALYZER_NONNULL = YES;
				CLANG_ANALYZER_NUMBER_OBJECT_CONVERSION = YES_AGGRESSIVE;
				CLANG_CXX_LANGUAGE_STANDARD = "gnu++20";
				CLANG_ENABLE_MODULES = YES;
				CLANG_ENABLE_OBJC_ARC = YES;
				CLANG_ENABLE_OBJC_WEAK = YES;
				CLANG_WARN_BLOCK_CAPTURE_AUTORELEASING = YES;
				CLANG_WARN_BOOL_CONVERSION = YES;
				CLANG_WARN_COMMA = YES;
				CLANG_WARN_CONSTANT_CONVERSION = YES;
				CLANG_WARN_DEPRECATED_OBJC_IMPLEMENTATIONS = YES;
				CLANG_WARN_DIRECT_OBJC_ISA_USAGE = YES_ERROR;
				CLANG_WARN_DOCUMENTATION_COMMENTS = YES;
				CLANG_WARN_EMPTY_BODY = YES;
				CLANG_WARN_ENUM_CONVERSION = YES;
				CLANG_WARN_INFINITE_RECURSION = YES;
				CLANG_WARN_INT_CONVERSION = YES;
				CLANG_WARN_NON_LITERAL_NULL_CONVERSION = YES;
				CLANG_WARN_OBJC_IMPLICIT_RETAIN_SELF = YES;
				CLANG_WARN_OBJC_LITERAL_CONVERSION = YES;
				CLANG_WARN_OBJC_ROOT_CLASS = YES_ERROR;
				CLANG_WARN_QUOTED_INCLUDE_IN_FRAMEWORK_HEADER = YES;
				CLANG_WARN_RANGE_LOOP_ANALYSIS = YES;
				CLANG_WARN_STRICT_PROTOTYPES = YES;
				CLANG_WARN_SUSPICIOUS_MOVE = YES;
				CLANG_WARN_UNGUARDED_AVAILABILITY = YES_AGGRESSIVE;
				CLANG_WARN_UNREACHABLE_CODE = YES;
				CLANG_WARN__DUPLICATE_METHOD_MATCH = YES;
				COPY_PHASE_STRIP = NO;
				DEBUG_INFORMATION_FORMAT = dwarf;
				ENABLE_STRICT_OBJC_MSGSEND = YES;
				ENABLE_TESTABILITY = YES;
				ENABLE_USER_SCRIPT_SANDBOXING = YES;
				GCC_C_LANGUAGE_STANDARD = gnu17;
				GCC_DYNAMIC_NO_PIC = NO;
				GCC_NO_COMMON_BLOCKS = YES;
				GCC_OPTIMIZATION_LEVEL = 0;
				GCC_PREPROCESSOR_DEFINITIONS = (
					"DEBUG=1",
					"$(inherited)",
				);
				GCC_WARN_64_TO_32_BIT_CONVERSION = YES;
				GCC_WARN_ABOUT_RETURN_TYPE = YES_ERROR;
				GCC_WARN_UNDECLARED_SELECTOR = YES;
				GCC_WARN_UNINITIALIZED_AUTOS = YES_AGGRESSIVE;
				GCC_WARN_UNUSED_FUNCTION = YES;
				GCC_WARN_UNUSED_VARIABLE = YES;
				IPHONEOS_DEPLOYMENT_TARGET = 17.5;
				LOCALIZATION_PREFERS_STRING_CATALOGS = YES;
				MTL_ENABLE_DEBUG_INFO = INCLUDE_SOURCE;
				MTL_FAST_MATH = YES;
				ONLY_ACTIVE_ARCH = YES;
				SDKROOT = iphoneos;
				SWIFT_ACTIVE_COMPILATION_CONDITIONS = "DEBUG $(inherited)";
				SWIFT_OPTIMIZATION_LEVEL = "-Onone";
			};
			name = Debug;
		};
		BA4514D12C8970D00074B66A /* Release */ = {
			isa = XCBuildConfiguration;
			buildSettings = {
				ALWAYS_SEARCH_USER_PATHS = NO;
				ASSETCATALOG_COMPILER_GENERATE_SWIFT_ASSET_SYMBOL_EXTENSIONS = YES;
				CLANG_ANALYZER_NONNULL = YES;
				CLANG_ANALYZER_NUMBER_OBJECT_CONVERSION = YES_AGGRESSIVE;
				CLANG_CXX_LANGUAGE_STANDARD = "gnu++20";
				CLANG_ENABLE_MODULES = YES;
				CLANG_ENABLE_OBJC_ARC = YES;
				CLANG_ENABLE_OBJC_WEAK = YES;
				CLANG_WARN_BLOCK_CAPTURE_AUTORELEASING = YES;
				CLANG_WARN_BOOL_CONVERSION = YES;
				CLANG_WARN_COMMA = YES;
				CLANG_WARN_CONSTANT_CONVERSION = YES;
				CLANG_WARN_DEPRECATED_OBJC_IMPLEMENTATIONS = YES;
				CLANG_WARN_DIRECT_OBJC_ISA_USAGE = YES_ERROR;
				CLANG_WARN_DOCUMENTATION_COMMENTS = YES;
				CLANG_WARN_EMPTY_BODY = YES;
				CLANG_WARN_ENUM_CONVERSION = YES;
				CLANG_WARN_INFINITE_RECURSION = YES;
				CLANG_WARN_INT_CONVERSION = YES;
				CLANG_WARN_NON_LITERAL_NULL_CONVERSION = YES;
				CLANG_WARN_OBJC_IMPLICIT_RETAIN_SELF = YES;
				CLANG_WARN_OBJC_LITERAL_CONVERSION = YES;
				CLANG_WARN_OBJC_ROOT_CLASS = YES_ERROR;
				CLANG_WARN_QUOTED_INCLUDE_IN_FRAMEWORK_HEADER = YES;
				CLANG_WARN_RANGE_LOOP_ANALYSIS = YES;
				CLANG_WARN_STRICT_PROTOTYPES = YES;
				CLANG_WARN_SUSPICIOUS_MOVE = YES;
				CLANG_WARN_UNGUARDED_AVAILABILITY = YES_AGGRESSIVE;
				CLANG_WARN_UNREACHABLE_CODE = YES;
				CLANG_WARN__DUPLICATE_METHOD_MATCH = YES;
				COPY_PHASE_STRIP = NO;
				DEBUG_INFORMATION_FORMAT = "dwarf-with-dsym";
				ENABLE_NS_ASSERTIONS = NO;
				ENABLE_STRICT_OBJC_MSGSEND = YES;
				ENABLE_USER_SCRIPT_SANDBOXING = YES;
				GCC_C_LANGUAGE_STANDARD = gnu17;
				GCC_NO_COMMON_BLOCKS = YES;
				GCC_WARN_64_TO_32_BIT_CONVERSION = YES;
				GCC_WARN_ABOUT_RETURN_TYPE = YES_ERROR;
				GCC_WARN_UNDECLARED_SELECTOR = YES;
				GCC_WARN_UNINITIALIZED_AUTOS = YES_AGGRESSIVE;
				GCC_WARN_UNUSED_FUNCTION = YES;
				GCC_WARN_UNUSED_VARIABLE = YES;
				IPHONEOS_DEPLOYMENT_TARGET = 17.5;
				LOCALIZATION_PREFERS_STRING_CATALOGS = YES;
				MTL_ENABLE_DEBUG_INFO = NO;
				MTL_FAST_MATH = YES;
				SDKROOT = iphoneos;
				SWIFT_COMPILATION_MODE = wholemodule;
				VALIDATE_PRODUCT = YES;
			};
			name = Release;
		};
		BA4514D32C8970D00074B66A /* Debug */ = {
			isa = XCBuildConfiguration;
			buildSettings = {
				ASSETCATALOG_COMPILER_APPICON_NAME = AppIcon;
				ASSETCATALOG_COMPILER_GLOBAL_ACCENT_COLOR_NAME = AccentColor;
				CODE_SIGN_STYLE = Automatic;
				CURRENT_PROJECT_VERSION = 1;
				DEVELOPMENT_ASSET_PATHS = "\"iNavigation/Preview Content\"";
				DEVELOPMENT_TEAM = NQ88SM2JT4;
				ENABLE_PREVIEWS = YES;
				GENERATE_INFOPLIST_FILE = YES;
				INFOPLIST_KEY_UIApplicationSceneManifest_Generation = YES;
				INFOPLIST_KEY_UIApplicationSupportsIndirectInputEvents = YES;
				INFOPLIST_KEY_UILaunchScreen_Generation = YES;
				INFOPLIST_KEY_UISupportedInterfaceOrientations_iPad = "UIInterfaceOrientationPortrait UIInterfaceOrientationPortraitUpsideDown UIInterfaceOrientationLandscapeLeft UIInterfaceOrientationLandscapeRight";
				INFOPLIST_KEY_UISupportedInterfaceOrientations_iPhone = "UIInterfaceOrientationPortrait UIInterfaceOrientationLandscapeLeft UIInterfaceOrientationLandscapeRight";
				LD_RUNPATH_SEARCH_PATHS = (
					"$(inherited)",
					"@executable_path/Frameworks",
				);
				MARKETING_VERSION = 1.0;
				PRODUCT_BUNDLE_IDENTIFIER = com.has9Enosis.iNavigation;
				PRODUCT_NAME = "$(TARGET_NAME)";
				SWIFT_EMIT_LOC_STRINGS = YES;
				SWIFT_VERSION = 5.0;
				TARGETED_DEVICE_FAMILY = "1,2";
			};
			name = Debug;
		};
		BA4514D42C8970D00074B66A /* Release */ = {
			isa = XCBuildConfiguration;
			buildSettings = {
				ASSETCATALOG_COMPILER_APPICON_NAME = AppIcon;
				ASSETCATALOG_COMPILER_GLOBAL_ACCENT_COLOR_NAME = AccentColor;
				CODE_SIGN_STYLE = Automatic;
				CURRENT_PROJECT_VERSION = 1;
				DEVELOPMENT_ASSET_PATHS = "\"iNavigation/Preview Content\"";
				DEVELOPMENT_TEAM = NQ88SM2JT4;
				ENABLE_PREVIEWS = YES;
				GENERATE_INFOPLIST_FILE = YES;
				INFOPLIST_KEY_UIApplicationSceneManifest_Generation = YES;
				INFOPLIST_KEY_UIApplicationSupportsIndirectInputEvents = YES;
				INFOPLIST_KEY_UILaunchScreen_Generation = YES;
				INFOPLIST_KEY_UISupportedInterfaceOrientations_iPad = "UIInterfaceOrientationPortrait UIInterfaceOrientationPortraitUpsideDown UIInterfaceOrientationLandscapeLeft UIInterfaceOrientationLandscapeRight";
				INFOPLIST_KEY_UISupportedInterfaceOrientations_iPhone = "UIInterfaceOrientationPortrait UIInterfaceOrientationLandscapeLeft UIInterfaceOrientationLandscapeRight";
				LD_RUNPATH_SEARCH_PATHS = (
					"$(inherited)",
					"@executable_path/Frameworks",
				);
				MARKETING_VERSION = 1.0;
				PRODUCT_BUNDLE_IDENTIFIER = com.has9Enosis.iNavigation;
				PRODUCT_NAME = "$(TARGET_NAME)";
				SWIFT_EMIT_LOC_STRINGS = YES;
				SWIFT_VERSION = 5.0;
				TARGETED_DEVICE_FAMILY = "1,2";
			};
			name = Release;
		};
/* End XCBuildConfiguration section */

/* Begin XCConfigurationList section */
		BA4514BF2C8970CF0074B66A /* Build configuration list for PBXProject "iNavigation" */ = {
			isa = XCConfigurationList;
			buildConfigurations = (
				BA4514D02C8970D00074B66A /* Debug */,
				BA4514D12C8970D00074B66A /* Release */,
			);
			defaultConfigurationIsVisible = 0;
			defaultConfigurationName = Release;
		};
		BA4514D22C8970D00074B66A /* Build configuration list for PBXNativeTarget "iNavigation" */ = {
			isa = XCConfigurationList;
			buildConfigurations = (
				BA4514D32C8970D00074B66A /* Debug */,
				BA4514D42C8970D00074B66A /* Release */,
			);
			defaultConfigurationIsVisible = 0;
			defaultConfigurationName = Release;
		};
/* End XCConfigurationList section */
	};
	rootObject = BA4514BC2C8970CF0074B66A /* Project object */;
}
